{
  "nodes": {
    "agent-skills-nix": {
      "inputs": {
        "home-manager": "home-manager",
        "nixpkgs": "nixpkgs"
      },
      "locked": {
        "lastModified": 1774607140,
        "narHash": "sha256-0P89BLGEzRUumWKSOEayi+Dal6mIlVumlBgcyk5Qo6s=",
        "owner": "Kyure-A",
        "repo": "agent-skills-nix",
        "rev": "e29bef0e9e56c4cc683cead15a6eda1d6fb1074e",
        "type": "github"
      },
      "original": {
        "owner": "Kyure-A",
        "repo": "agent-skills-nix",
        "type": "github"
      }
    },
    "anthropic": {
      "flake": false,
      "locked": {
        "lastModified": 1774451446,
        "narHash": "sha256-w//9LB1OVG9jlllY+VDse7Js0dn5x6Ys2vPuQACKsTM=",
        "owner": "anthropics",
        "repo": "skills",
        "rev": "98669c11ca63e9c81c11501e1437e5c47b556621",
        "type": "github"
      },
      "original": {
        "owner": "anthropics",
        "repo": "skills",
        "type": "github"
      }
    },
    "home-manager": {
      "inputs": {
        "nixpkgs": [
          "agent-skills-nix",
          "nixpkgs"
        ]
      },
      "locked": {
        "lastModified": 1773608492,
        "narHash": "sha256-QZteyExJYSQzgxqdsesDPbQgjctGG7iKV/6ooyQPITk=",
        "owner": "nix-community",
        "repo": "home-manager",
        "rev": "9a40ec3b78fc688d0908485887d355caa5666d18",
        "type": "github"
      },
      "original": {
        "owner": "nix-community",
        "repo": "home-manager",
        "type": "github"
      }
    },
    "nixpkgs": {
      "locked": {
        "lastModified": 1773520392,
        "narHash": "sha256-Ra3l8zI7AYwaCxXcU4An8jAC1hhz/TEleXboJhWaBwY=",
        "owner": "NixOS",
        "repo": "nixpkgs",
        "rev": "f59e980846fe86cd831899cd032fdbd1d6054086",
        "type": "github"
      },
      "original": {
        "owner": "NixOS",
        "ref": "nixos-unstable",
        "repo": "nixpkgs",
        "type": "github"
      }
    },
    "root": {
      "inputs": {
        "agent-skills-nix": "agent-skills-nix",
        "anthropic": "anthropic",
        "vercel": "vercel"
      }
    },
    "vercel": {
      "flake": false,
      "locked": {
        "lastModified": 1775049804,
        "narHash": "sha256-ZfUf1++6pYQ2rGSpuXIdxoSUXwamq1xn5xJspEhEOUg=",
        "owner": "vercel-labs",
        "repo": "agent-skills",
        "rev": "48bda1ca1802207f4f253c60b7259ca3ab6d93e1",
        "type": "github"
      },
      "original": {
        "owner": "vercel-labs",
        "repo": "agent-skills",
        "type": "github"
      }
    }
  },
  "root": "root",
  "version": 7
}
