{
  "nodes": {
    "disko": {
      "inputs": {
        "nixpkgs": [
          "nixpkgs"
        ]
      },
      "locked": {
        "lastModified": 1736864502,
        "narHash": "sha256-ItkIZyebGvNH2dK9jVGzJHGPtb6BSWLN8Gmef16NeY0=",
        "owner": "nix-community",
        "repo": "disko",
        "rev": "0141aabed359f063de7413f80d906e1d98c0c123",
        "type": "github"
      },
      "original": {
        "owner": "nix-community",
        "ref": "latest",
        "repo": "disko",
        "type": "github"
      }
    },
    "flake-compat": {
      "flake": false,
      "locked": {
        "lastModified": 1733328505,
        "narHash": "sha256-NeCCThCEP3eCl2l/+27kNNK7QrwZB1IJCrXfrbv5oqU=",
        "owner": "edolstra",
        "repo": "flake-compat",
        "rev": "ff81ac966bb2cae68946d5ed5fc4994f96d0ffec",
        "type": "github"
      },
      "original": {
        "owner": "edolstra",
        "repo": "flake-compat",
        "type": "github"
      }
    },
    "flake-compat_2": {
      "flake": false,
      "locked": {
        "lastModified": 1696426674,
        "narHash": "sha256-kvjfFW7WAETZlt09AgDn1MrtKzP7t90Vf7vypd3OL1U=",
        "owner": "edolstra",
        "repo": "flake-compat",
        "rev": "0f9255e01c2351cc7d116c072cb317785dd33b33",
        "type": "github"
      },
      "original": {
        "owner": "edolstra",
        "repo": "flake-compat",
        "type": "github"
      }
    },
    "flake-compat_3": {
      "flake": false,
      "locked": {
        "lastModified": 1696426674,
        "narHash": "sha256-kvjfFW7WAETZlt09AgDn1MrtKzP7t90Vf7vypd3OL1U=",
        "owner": "edolstra",
        "repo": "flake-compat",
        "rev": "0f9255e01c2351cc7d116c072cb317785dd33b33",
        "type": "github"
      },
      "original": {
        "owner": "edolstra",
        "repo": "flake-compat",
        "type": "github"
      }
    },
    "flake-parts": {
      "inputs": {
        "nixpkgs-lib": "nixpkgs-lib"
      },
      "locked": {
        "lastModified": 1741352980,
        "narHash": "sha256-+u2UunDA4Cl5Fci3m7S643HzKmIDAe+fiXrLqYsR2fs=",
        "owner": "hercules-ci",
        "repo": "flake-parts",
        "rev": "f4330d22f1c5d2ba72d3d22df5597d123fdb60a9",
        "type": "github"
      },
      "original": {
        "owner": "hercules-ci",
        "repo": "flake-parts",
        "type": "github"
      }
    },
    "flake-parts_2": {
      "inputs": {
        "nixpkgs-lib": [
          "neovim-overlay",
          "nixpkgs"
        ]
      },
      "locked": {
        "lastModified": 1741352980,
        "narHash": "sha256-+u2UunDA4Cl5Fci3m7S643HzKmIDAe+fiXrLqYsR2fs=",
        "owner": "hercules-ci",
        "repo": "flake-parts",
        "rev": "f4330d22f1c5d2ba72d3d22df5597d123fdb60a9",
        "type": "github"
      },
      "original": {
        "owner": "hercules-ci",
        "repo": "flake-parts",
        "type": "github"
      }
    },
    "flake-parts_3": {
      "inputs": {
        "nixpkgs-lib": [
          "neovim-overlay",
          "hercules-ci-effects",
          "nixpkgs"
        ]
      },
      "locked": {
        "lastModified": 1741352980,
        "narHash": "sha256-+u2UunDA4Cl5Fci3m7S643HzKmIDAe+fiXrLqYsR2fs=",
        "owner": "hercules-ci",
        "repo": "flake-parts",
        "rev": "f4330d22f1c5d2ba72d3d22df5597d123fdb60a9",
        "type": "github"
      },
      "original": {
        "id": "flake-parts",
        "type": "indirect"
      }
    },
    "git-hooks": {
      "inputs": {
        "flake-compat": "flake-compat_2",
        "gitignore": "gitignore",
        "nixpkgs": [
          "neovim-overlay",
          "nixpkgs"
        ]
      },
      "locked": {
        "lastModified": 1742058297,
        "narHash": "sha256-b4SZc6TkKw8WQQssbN5O2DaCEzmFfvSTPYHlx/SFW9Y=",
        "owner": "cachix",
        "repo": "git-hooks.nix",
        "rev": "59f17850021620cd348ad2e9c0c64f4e6325ce2a",
        "type": "github"
      },
      "original": {
        "owner": "cachix",
        "repo": "git-hooks.nix",
        "type": "github"
      }
    },
    "gitignore": {
      "inputs": {
        "nixpkgs": [
          "neovim-overlay",
          "git-hooks",
          "nixpkgs"
        ]
      },
      "locked": {
        "lastModified": 1709087332,
        "narHash": "sha256-HG2cCnktfHsKV0s4XW83gU3F57gaTljL9KNSuG6bnQs=",
        "owner": "hercules-ci",
        "repo": "gitignore.nix",
        "rev": "637db329424fd7e46cf4185293b9cc8c88c95394",
        "type": "github"
      },
      "original": {
        "owner": "hercules-ci",
        "repo": "gitignore.nix",
        "type": "github"
      }
    },
    "gitignore_2": {
      "inputs": {
        "nixpkgs": [
          "vim-overlay",
          "pre-commit-hooks",
          "nixpkgs"
        ]
      },
      "locked": {
        "lastModified": 1709087332,
        "narHash": "sha256-HG2cCnktfHsKV0s4XW83gU3F57gaTljL9KNSuG6bnQs=",
        "owner": "hercules-ci",
        "repo": "gitignore.nix",
        "rev": "637db329424fd7e46cf4185293b9cc8c88c95394",
        "type": "github"
      },
      "original": {
        "owner": "hercules-ci",
        "repo": "gitignore.nix",
        "type": "github"
      }
    },
    "hercules-ci-effects": {
      "inputs": {
        "flake-parts": "flake-parts_3",
        "nixpkgs": [
          "neovim-overlay",
          "nixpkgs"
        ]
      },
      "locked": {
        "lastModified": 1742014779,
        "narHash": "sha256-I6fG1zrfdLFcp/imGZElig0BJO3YU0QEXLgvwWoOpJ8=",
        "owner": "hercules-ci",
        "repo": "hercules-ci-effects",
        "rev": "524637ef84c177661690b924bf64a1ce18072a2c",
        "type": "github"
      },
      "original": {
        "owner": "hercules-ci",
        "repo": "hercules-ci-effects",
        "type": "github"
      }
    },
    "home-manager": {
      "inputs": {
        "nixpkgs": [
          "nixpkgs"
        ]
      },
      "locked": {
        "lastModified": 1741955947,
        "narHash": "sha256-2lbURKclgKqBNm7hVRtWh0A7NrdsibD0EaWhahUVhhY=",
        "owner": "nix-community",
        "repo": "home-manager",
        "rev": "4e12151c9e014e2449e0beca2c0e9534b96a26b4",
        "type": "github"
      },
      "original": {
        "owner": "nix-community",
        "repo": "home-manager",
        "type": "github"
      }
    },
    "neovim-overlay": {
      "inputs": {
        "flake-compat": "flake-compat",
        "flake-parts": "flake-parts_2",
        "git-hooks": "git-hooks",
        "hercules-ci-effects": "hercules-ci-effects",
        "neovim-src": "neovim-src",
        "nixpkgs": "nixpkgs",
        "treefmt-nix": "treefmt-nix"
      },
      "locked": {
        "lastModified": 1742083911,
        "narHash": "sha256-JcfIoi4M5npWC3oBKGdv11Mjj8CJ8LDGU7rcD+zjlC0=",
        "owner": "nix-community",
        "repo": "neovim-nightly-overlay",
        "rev": "66163e5d352d915caabc9826c8f2f6b5429e331f",
        "type": "github"
      },
      "original": {
        "owner": "nix-community",
        "repo": "neovim-nightly-overlay",
        "type": "github"
      }
    },
    "neovim-src": {
      "flake": false,
      "locked": {
        "lastModified": 1742057093,
        "narHash": "sha256-yUPhXa2hOQ9vdHLPvXA3vPwAzv99TVJkISsJoBkCuhA=",
        "owner": "neovim",
        "repo": "neovim",
        "rev": "f5714994bc4fc578b5f07bca403e7067e6d9b5a0",
        "type": "github"
      },
      "original": {
        "owner": "neovim",
        "repo": "neovim",
        "type": "github"
      }
    },
    "nix-darwin": {
      "inputs": {
        "nixpkgs": [
          "nixpkgs"
        ]
      },
      "locked": {
        "lastModified": 1742165923,
        "narHash": "sha256-WKzuVsHXjuxYjS9KxKdpoPWpT37LofyS5llSssEw058=",
        "owner": "LnL7",
        "repo": "nix-darwin",
        "rev": "95eac71bf52b271523d0ca81dbbeb3182990fc24",
        "type": "github"
      },
      "original": {
        "owner": "LnL7",
        "repo": "nix-darwin",
        "type": "github"
      }
    },
    "nixpkgs": {
      "locked": {
        "lastModified": 1741865919,
        "narHash": "sha256-4thdbnP6dlbdq+qZWTsm4ffAwoS8Tiq1YResB+RP6WE=",
        "owner": "NixOS",
        "repo": "nixpkgs",
        "rev": "573c650e8a14b2faa0041645ab18aed7e60f0c9a",
        "type": "github"
      },
      "original": {
        "owner": "NixOS",
        "ref": "nixpkgs-unstable",
        "repo": "nixpkgs",
        "type": "github"
      }
    },
    "nixpkgs-lib": {
      "locked": {
        "lastModified": 1740877520,
        "narHash": "sha256-oiwv/ZK/2FhGxrCkQkB83i7GnWXPPLzoqFHpDD3uYpk=",
        "owner": "nix-community",
        "repo": "nixpkgs.lib",
        "rev": "147dee35aab2193b174e4c0868bd80ead5ce755c",
        "type": "github"
      },
      "original": {
        "owner": "nix-community",
        "repo": "nixpkgs.lib",
        "type": "github"
      }
    },
    "nixpkgs_2": {
      "locked": {
        "lastModified": 1741865919,
        "narHash": "sha256-4thdbnP6dlbdq+qZWTsm4ffAwoS8Tiq1YResB+RP6WE=",
        "owner": "NixOS",
        "repo": "nixpkgs",
        "rev": "573c650e8a14b2faa0041645ab18aed7e60f0c9a",
        "type": "github"
      },
      "original": {
        "owner": "NixOS",
        "ref": "nixpkgs-unstable",
        "repo": "nixpkgs",
        "type": "github"
      }
    },
    "nixpkgs_3": {
      "locked": {
        "lastModified": 1741865919,
        "narHash": "sha256-4thdbnP6dlbdq+qZWTsm4ffAwoS8Tiq1YResB+RP6WE=",
        "owner": "NixOS",
        "repo": "nixpkgs",
        "rev": "573c650e8a14b2faa0041645ab18aed7e60f0c9a",
        "type": "github"
      },
      "original": {
        "owner": "NixOS",
        "ref": "nixpkgs-unstable",
        "repo": "nixpkgs",
        "type": "github"
      }
    },
    "pre-commit-hooks": {
      "inputs": {
        "flake-compat": "flake-compat_3",
        "gitignore": "gitignore_2",
        "nixpkgs": [
          "vim-overlay",
          "nixpkgs"
        ]
      },
      "locked": {
        "lastModified": 1742058297,
        "narHash": "sha256-b4SZc6TkKw8WQQssbN5O2DaCEzmFfvSTPYHlx/SFW9Y=",
        "owner": "cachix",
        "repo": "git-hooks.nix",
        "rev": "59f17850021620cd348ad2e9c0c64f4e6325ce2a",
        "type": "github"
      },
      "original": {
        "owner": "cachix",
        "repo": "git-hooks.nix",
        "type": "github"
      }
    },
    "root": {
      "inputs": {
        "disko": "disko",
        "flake-parts": "flake-parts",
        "home-manager": "home-manager",
        "neovim-overlay": "neovim-overlay",
        "nix-darwin": "nix-darwin",
        "nixpkgs": "nixpkgs_2",
        "vim-overlay": "vim-overlay"
      }
    },
    "treefmt-nix": {
      "inputs": {
        "nixpkgs": [
          "neovim-overlay",
          "nixpkgs"
        ]
      },
      "locked": {
        "lastModified": 1739829690,
        "narHash": "sha256-mL1szCeIsjh6Khn3nH2cYtwO5YXG6gBiTw1A30iGeDU=",
        "owner": "numtide",
        "repo": "treefmt-nix",
        "rev": "3d0579f5cc93436052d94b73925b48973a104204",
        "type": "github"
      },
      "original": {
        "owner": "numtide",
        "repo": "treefmt-nix",
        "type": "github"
      }
    },
    "vim-overlay": {
      "inputs": {
        "nixpkgs": "nixpkgs_3",
        "pre-commit-hooks": "pre-commit-hooks",
        "vim-src": "vim-src"
      },
      "locked": {
        "lastModified": 1742106991,
        "narHash": "sha256-u63aZuhykPBxHkzQLk95cePntN/w5V2g47hlgH2JfkU=",
        "owner": "kawarimidoll",
        "repo": "vim-overlay",
        "rev": "9df2b4e77b50ecfe155036f2d2793555448ffedb",
        "type": "github"
      },
      "original": {
        "owner": "kawarimidoll",
        "repo": "vim-overlay",
        "type": "github"
      }
    },
    "vim-src": {
      "flake": false,
      "locked": {
        "lastModified": 1742031070,
        "narHash": "sha256-mfUNqdbzFzEmi3etjiHU9NSfOykOXv7gJ0FANFzXf9E=",
        "owner": "vim",
        "repo": "vim",
        "rev": "8322923b403be7e88880775aea9e996d0eac6cf1",
        "type": "github"
      },
      "original": {
        "owner": "vim",
        "repo": "vim",
        "type": "github"
      }
    }
  },
  "root": "root",
  "version": 7
}
