{
  "nodes": {
    "adr": {
      "flake": false,
      "locked": {
        "lastModified": 1778925201,
        "narHash": "sha256-hw+eiuZKD06VPKOdHJP7R9iR2DsWTe6TfWEO5kCKb5g=",
        "owner": "drillan",
        "repo": "adr-skills",
        "rev": "d049a6925deee30e2dcce92e90db61f421bdb037",
        "type": "github"
      },
      "original": {
        "owner": "drillan",
        "repo": "adr-skills",
        "type": "github"
      }
    },
    "agent-skills-nix": {
      "inputs": {
        "home-manager": "home-manager",
        "nixpkgs": "nixpkgs"
      },
      "locked": {
        "lastModified": 1779692292,
        "narHash": "sha256-1ttGc9LQxmlLz0GlSC629j7Avpp6FF6NqNXoxDZeYoA=",
        "owner": "Kyure-A",
        "repo": "agent-skills-nix",
        "rev": "db664effdb55aecfec2e761b66f459e8270c3520",
        "type": "github"
      },
      "original": {
        "owner": "Kyure-A",
        "repo": "agent-skills-nix",
        "type": "github"
      }
    },
    "anthropic": {
      "flake": false,
      "locked": {
        "lastModified": 1779199866,
        "narHash": "sha256-GMXFJSePrpEvhzMQ82YI9Z10BDkuFK/lXUDELclvQ4c=",
        "owner": "anthropics",
        "repo": "skills",
        "rev": "690f15cac7f7b4c055c5ab109c79ed9259934081",
        "type": "github"
      },
      "original": {
        "owner": "anthropics",
        "repo": "skills",
        "type": "github"
      }
    },
    "google": {
      "flake": false,
      "locked": {
        "lastModified": 1779815697,
        "narHash": "sha256-JoDcmEni4LVM6qLHT9ULWiORMHtF3O5nk/qizGI7pik=",
        "owner": "google",
        "repo": "skills",
        "rev": "098a617c036f95247fc8a8dd44c529ac4829491e",
        "type": "github"
      },
      "original": {
        "owner": "google",
        "repo": "skills",
        "type": "github"
      }
    },
    "home-manager": {
      "inputs": {
        "nixpkgs": [
          "agent-skills-nix",
          "nixpkgs"
        ]
      },
      "locked": {
        "lastModified": 1779678629,
        "narHash": "sha256-gHcIFg0mm+KFsg7iZQt67kni3+qR5U3PhEC9P7vKlZ4=",
        "owner": "nix-community",
        "repo": "home-manager",
        "rev": "612bbe3b405ad5f71d7bf9edecc04b678a061652",
        "type": "github"
      },
      "original": {
        "owner": "nix-community",
        "repo": "home-manager",
        "type": "github"
      }
    },
    "nixpkgs": {
      "locked": {
        "lastModified": 1779508470,
        "narHash": "sha256-Ap9KJX+5xHIn3bPIpfNgT6MEXdAECECwo4/rmlQD74M=",
        "owner": "NixOS",
        "repo": "nixpkgs",
        "rev": "29916453413845e54a65b8a1cf996842300cd299",
        "type": "github"
      },
      "original": {
        "owner": "NixOS",
        "ref": "nixos-unstable",
        "repo": "nixpkgs",
        "type": "github"
      }
    },
    "root": {
      "inputs": {
        "adr": "adr",
        "agent-skills-nix": "agent-skills-nix",
        "anthropic": "anthropic",
        "google": "google",
        "vercel": "vercel"
      }
    },
    "vercel": {
      "flake": false,
      "locked": {
        "lastModified": 1779470848,
        "narHash": "sha256-JgnV4iymr62+tgviz8ojrCKO1CAPLPe8Vhdb0CVVzUg=",
        "owner": "vercel-labs",
        "repo": "agent-skills",
        "rev": "18a24346600009dc3fcb99e4b2cd83b301601775",
        "type": "github"
      },
      "original": {
        "owner": "vercel-labs",
        "repo": "agent-skills",
        "type": "github"
      }
    }
  },
  "root": "root",
  "version": 7
}
