{
  "nodes": {
    "agent-skills-nix": {
      "inputs": {
        "nixpkgs": "nixpkgs"
      },
      "locked": {
        "lastModified": 1790154098,
        "narHash": "sha256-SviEpvFefXCPOmQ2b41c4ujE7BzWYJ/h8p/HZNxD2B8=",
        "owner": "Kyure-A",
        "repo": "agent-skills-nix",
        "rev": "dc122af897ab9a685c20ae54c639021619dbbb52",
        "type": "github"
      },
      "original": {
        "owner": "Kyure-A",
        "repo": "agent-skills-nix",
        "type": "github"
      }
    },
    "anthropic": {
      "flake": false,
      "locked": {
        "lastModified": 1789069448,
        "narHash": "sha256-tI4bTTBfI1ylltklGyiyA7pLoKXEWtrT6lrmwrpLbCw=",
        "owner": "anthropics",
        "repo": "skills",
        "rev": "34040c9c568585f6929bedeaad110ad08f079624",
        "type": "github"
      },
      "original": {
        "owner": "anthropics",
        "repo": "skills",
        "type": "github"
      }
    },
    "google": {
      "flake": false,
      "locked": {
        "lastModified": 1790180203,
        "narHash": "sha256-wROv9nKH0+04ZFnDFeAm3qmgNk+Aya2fTj5z/aNNXy0=",
        "owner": "google",
        "repo": "skills",
        "rev": "2a1e4549d591688f3a605771cf101d05d43f8ae8",
        "type": "github"
      },
      "original": {
        "owner": "google",
        "repo": "skills",
        "type": "github"
      }
    },
    "nixpkgs": {
      "locked": {
        "lastModified": 1789785513,
        "narHash": "sha256-B44WL6h0XoLjJ41bUPJk0X5SDinLCII//6EcBLXKiJ0=",
        "owner": "NixOS",
        "repo": "nixpkgs",
        "rev": "20b1ddd1aa5ace70c9468305030aa4f9ef79671b",
        "type": "github"
      },
      "original": {
        "owner": "NixOS",
        "ref": "nixos-unstable",
        "repo": "nixpkgs",
        "type": "github"
      }
    },
    "openai": {
      "flake": false,
      "locked": {
        "lastModified": 1782268572,
        "narHash": "sha256-t4oGnFg0YpxJaQiFpgTiwYhaFoZK6wPDiqvHoG0bXiU=",
        "owner": "openai",
        "repo": "skills",
        "rev": "49f948faa9258a0c61caceaf225e179651397431",
        "type": "github"
      },
      "original": {
        "owner": "openai",
        "repo": "skills",
        "type": "github"
      }
    },
    "root": {
      "inputs": {
        "agent-skills-nix": "agent-skills-nix",
        "anthropic": "anthropic",
        "google": "google",
        "openai": "openai",
        "superpowers": "superpowers",
        "vercel-labs": "vercel-labs"
      }
    },
    "superpowers": {
      "flake": false,
      "locked": {
        "lastModified": 1789777895,
        "narHash": "sha256-rgeJhjQyABYlhlyFRmgyhbZmmmIPPNkch4CXyTkGEyM=",
        "owner": "obra",
        "repo": "superpowers",
        "rev": "5bf4e78011075bcfc0dc295f0724994cd123ee71",
        "type": "github"
      },
      "original": {
        "owner": "obra",
        "repo": "superpowers",
        "type": "github"
      }
    },
    "vercel-labs": {
      "flake": false,
      "locked": {
        "lastModified": 1787924167,
        "narHash": "sha256-tTSJf53OQltUfxTH4hdqcnw5ywCjCZP8/JqQ593cyB8=",
        "owner": "vercel-labs",
        "repo": "agent-skills",
        "rev": "063bee94c3f4df8453406c830b0a7df0f2860278",
        "type": "github"
      },
      "original": {
        "owner": "vercel-labs",
        "repo": "agent-skills",
        "type": "github"
      }
    }
  },
  "root": "root",
  "version": 7
}
