{
  "nodes": {
    "agent-skills-nix": {
      "inputs": {
        "nixpkgs": "nixpkgs"
      },
      "locked": {
        "lastModified": 1789145426,
        "narHash": "sha256-Wf+7Qzt8+nz4TXPCbWnMjOAdzbVM6blW9J6JP+YhSy8=",
        "owner": "Kyure-A",
        "repo": "agent-skills-nix",
        "rev": "5133c874553c6c295654d8de4e3f62c95736b9c6",
        "type": "github"
      },
      "original": {
        "owner": "Kyure-A",
        "repo": "agent-skills-nix",
        "type": "github"
      }
    },
    "anthropic": {
      "flake": false,
      "locked": {
        "lastModified": 1789069448,
        "narHash": "sha256-tI4bTTBfI1ylltklGyiyA7pLoKXEWtrT6lrmwrpLbCw=",
        "owner": "anthropics",
        "repo": "skills",
        "rev": "34040c9c568585f6929bedeaad110ad08f079624",
        "type": "github"
      },
      "original": {
        "owner": "anthropics",
        "repo": "skills",
        "type": "github"
      }
    },
    "google": {
      "flake": false,
      "locked": {
        "lastModified": 1790021160,
        "narHash": "sha256-Az1rJ8EdfxfideXC6m9YmFMG6QXAuMj7zCYlR1VQktc=",
        "owner": "google",
        "repo": "skills",
        "rev": "d91e77ba3a08ca338f7ee423f45ab3fb1791de4b",
        "type": "github"
      },
      "original": {
        "owner": "google",
        "repo": "skills",
        "type": "github"
      }
    },
    "langsmith-skills": {
      "flake": false,
      "locked": {
        "lastModified": 1789931239,
        "narHash": "sha256-7pxumKm4prhccVHMs2wUZifCdkxoo/U1MeE2nSm3flQ=",
        "owner": "langchain-ai",
        "repo": "langsmith-skills",
        "rev": "946f228af62c94264588bdc0c90bcf2cdb59e8c1",
        "type": "github"
      },
      "original": {
        "owner": "langchain-ai",
        "repo": "langsmith-skills",
        "type": "github"
      }
    },
    "nixpkgs": {
      "locked": {
        "lastModified": 1785571196,
        "narHash": "sha256-KoTsyMQqnXQZq8deCEnu4QkyldkwH/bpMMhUcfMdGIw=",
        "owner": "NixOS",
        "repo": "nixpkgs",
        "rev": "148bab9c1c3c53136ecb44a6ea356a0ed5b39b06",
        "type": "github"
      },
      "original": {
        "owner": "NixOS",
        "ref": "nixos-unstable",
        "repo": "nixpkgs",
        "type": "github"
      }
    },
    "openai": {
      "flake": false,
      "locked": {
        "lastModified": 1782268572,
        "narHash": "sha256-t4oGnFg0YpxJaQiFpgTiwYhaFoZK6wPDiqvHoG0bXiU=",
        "owner": "openai",
        "repo": "skills",
        "rev": "49f948faa9258a0c61caceaf225e179651397431",
        "type": "github"
      },
      "original": {
        "owner": "openai",
        "repo": "skills",
        "type": "github"
      }
    },
    "root": {
      "inputs": {
        "agent-skills-nix": "agent-skills-nix",
        "anthropic": "anthropic",
        "google": "google",
        "langsmith-skills": "langsmith-skills",
        "openai": "openai",
        "superpowers": "superpowers",
        "vercel-labs": "vercel-labs"
      }
    },
    "superpowers": {
      "flake": false,
      "locked": {
        "lastModified": 1789777895,
        "narHash": "sha256-rgeJhjQyABYlhlyFRmgyhbZmmmIPPNkch4CXyTkGEyM=",
        "owner": "obra",
        "repo": "superpowers",
        "rev": "5bf4e78011075bcfc0dc295f0724994cd123ee71",
        "type": "github"
      },
      "original": {
        "owner": "obra",
        "repo": "superpowers",
        "type": "github"
      }
    },
    "vercel-labs": {
      "flake": false,
      "locked": {
        "lastModified": 1787924167,
        "narHash": "sha256-tTSJf53OQltUfxTH4hdqcnw5ywCjCZP8/JqQ593cyB8=",
        "owner": "vercel-labs",
        "repo": "agent-skills",
        "rev": "063bee94c3f4df8453406c830b0a7df0f2860278",
        "type": "github"
      },
      "original": {
        "owner": "vercel-labs",
        "repo": "agent-skills",
        "type": "github"
      }
    }
  },
  "root": "root",
  "version": 7
}
